// !$*UTF8*$!
{
	archiveVersion = 1;
	classes = {
	};
	objectVersion = 51;
	objects = {

/* Begin PBXBuildFile section */
		18423EE4270F348B00CFD744 /* Protocols.swift in Sources */ = {isa = PBXBuildFile; fileRef = 18423EE3270F348B00CFD744 /* Protocols.swift */; };
		18423EED270F36ED00CFD744 /* .gitignore in Resources */ = {isa = PBXBuildFile; fileRef = 18423EEC270F36ED00CFD744 /* .gitignore */; };
		186AB032270E5A6900BB8502 /* SceneDelegate.swift in Sources */ = {isa = PBXBuildFile; fileRef = 186AB031270E5A6900BB8502 /* SceneDelegate.swift */; };
		186AB036270E5AA500BB8502 /* FeedViewController.swift in Sources */ = {isa = PBXBuildFile; fileRef = 186AB035270E5AA500BB8502 /* FeedViewController.swift */; };
		186AB03A270E5AE000BB8502 /* PostCellModel.swift in Sources */ = {isa = PBXBuildFile; fileRef = 186AB039270E5AE000BB8502 /* PostCellModel.swift */; };
		186AB03D270E5AFF00BB8502 /* PostCollectionViewCell.swift in Sources */ = {isa = PBXBuildFile; fileRef = 186AB03C270E5AFF00BB8502 /* PostCollectionViewCell.swift */; };
		186AB041270E5B2C00BB8502 /* Post.swift in Sources */ = {isa = PBXBuildFile; fileRef = 186AB040270E5B2C00BB8502 /* Post.swift */; };
		186AB044270E5B4200BB8502 /* NetworkManager.swift in Sources */ = {isa = PBXBuildFile; fileRef = 186AB043270E5B4200BB8502 /* NetworkManager.swift */; };
		186AB047270E5B6C00BB8502 /* FeedViewModel.swift in Sources */ = {isa = PBXBuildFile; fileRef = 186AB046270E5B6C00BB8502 /* FeedViewModel.swift */; };
		186AB04A270E5B8F00BB8502 /* DataFetcher.swift in Sources */ = {isa = PBXBuildFile; fileRef = 186AB049270E5B8F00BB8502 /* DataFetcher.swift */; };
		18B921E7270EE123005E2218 /* DetailViewController.swift in Sources */ = {isa = PBXBuildFile; fileRef = 18B921E6270EE123005E2218 /* DetailViewController.swift */; };
		18D83692270E5834003D9B2C /* AppDelegate.swift in Sources */ = {isa = PBXBuildFile; fileRef = 18D83691270E5834003D9B2C /* AppDelegate.swift */; };
		18D8369B270E5835003D9B2C /* Assets.xcassets in Resources */ = {isa = PBXBuildFile; fileRef = 18D8369A270E5835003D9B2C /* Assets.xcassets */; };
		18D8369E270E5835003D9B2C /* LaunchScreen.storyboard in Resources */ = {isa = PBXBuildFile; fileRef = 18D8369C270E5835003D9B2C /* LaunchScreen.storyboard */; };
		A8A8CB15B7788FB4FD202956 /* Pods_CatsFeed.framework in Frameworks */ = {isa = PBXBuildFile; fileRef = EA196C94D10453E9F6CF4581 /* Pods_CatsFeed.framework */; };
/* End PBXBuildFile section */

/* Begin PBXFileReference section */
		18423EE3270F348B00CFD744 /* Protocols.swift */ = {isa = PBXFileReference; lastKnownFileType = sourcecode.swift; path = Protocols.swift; sourceTree = "<group>"; };
		18423EEC270F36ED00CFD744 /* .gitignore */ = {isa = PBXFileReference; lastKnownFileType = text; path = .gitignore; sourceTree = "<group>"; };
		186AB031270E5A6900BB8502 /* SceneDelegate.swift */ = {isa = PBXFileReference; lastKnownFileType = sourcecode.swift; path = SceneDelegate.swift; sourceTree = "<group>"; };
		186AB035270E5AA500BB8502 /* FeedViewController.swift */ = {isa = PBXFileReference; lastKnownFileType = sourcecode.swift; path = FeedViewController.swift; sourceTree = "<group>"; };
		186AB039270E5AE000BB8502 /* PostCellModel.swift */ = {isa = PBXFileReference; lastKnownFileType = sourcecode.swift; path = PostCellModel.swift; sourceTree = "<group>"; };
		186AB03C270E5AFF00BB8502 /* PostCollectionViewCell.swift */ = {isa = PBXFileReference; lastKnownFileType = sourcecode.swift; path = PostCollectionViewCell.swift; sourceTree = "<group>"; };
		186AB040270E5B2C00BB8502 /* Post.swift */ = {isa = PBXFileReference; lastKnownFileType = sourcecode.swift; path = Post.swift; sourceTree = "<group>"; };
		186AB043270E5B4200BB8502 /* NetworkManager.swift */ = {isa = PBXFileReference; lastKnownFileType = sourcecode.swift; path = NetworkManager.swift; sourceTree = "<group>"; };
		186AB046270E5B6C00BB8502 /* FeedViewModel.swift */ = {isa = PBXFileReference; lastKnownFileType = sourcecode.swift; path = FeedViewModel.swift; sourceTree = "<group>"; };
		186AB049270E5B8F00BB8502 /* DataFetcher.swift */ = {isa = PBXFileReference; lastKnownFileType = sourcecode.swift; path = DataFetcher.swift; sourceTree = "<group>"; };
		18B921E6270EE123005E2218 /* DetailViewController.swift */ = {isa = PBXFileReference; lastKnownFileType = sourcecode.swift; path = DetailViewController.swift; sourceTree = "<group>"; };
		18D8368E270E5834003D9B2C /* CatsFeed.app */ = {isa = PBXFileReference; explicitFileType = wrapper.application; includeInIndex = 0; path = CatsFeed.app; sourceTree = BUILT_PRODUCTS_DIR; };
		18D83691270E5834003D9B2C /* AppDelegate.swift */ = {isa = PBXFileReference; lastKnownFileType = sourcecode.swift; path = AppDelegate.swift; sourceTree = "<group>"; };
		18D8369A270E5835003D9B2C /* Assets.xcassets */ = {isa = PBXFileReference; lastKnownFileType = folder.assetcatalog; path = Assets.xcassets; sourceTree = "<group>"; };
		18D8369D270E5835003D9B2C /* Base */ = {isa = PBXFileReference; lastKnownFileType = file.storyboard; name = Base; path = Base.lproj/LaunchScreen.storyboard; sourceTree = "<group>"; };
		18D8369F270E5835003D9B2C /* Info.plist */ = {isa = PBXFileReference; lastKnownFileType = text.plist.xml; path = Info.plist; sourceTree = "<group>"; };
		65670D420487A9E05FE50FE1 /* Pods-CatsFeed.debug.xcconfig */ = {isa = PBXFileReference; includeInIndex = 1; lastKnownFileType = text.xcconfig; name = "Pods-CatsFeed.debug.xcconfig"; path = "Target Support Files/Pods-CatsFeed/Pods-CatsFeed.debug.xcconfig"; sourceTree = "<group>"; };
		E10673620BC7135049856F57 /* Pods-CatsFeed.release.xcconfig */ = {isa = PBXFileReference; includeInIndex = 1; lastKnownFileType = text.xcconfig; name = "Pods-CatsFeed.release.xcconfig"; path = "Target Support Files/Pods-CatsFeed/Pods-CatsFeed.release.xcconfig"; sourceTree = "<group>"; };
		EA196C94D10453E9F6CF4581 /* Pods_CatsFeed.framework */ = {isa = PBXFileReference; explicitFileType = wrapper.framework; includeInIndex = 0; path = Pods_CatsFeed.framework; sourceTree = BUILT_PRODUCTS_DIR; };
/* End PBXFileReference section */

/* Begin PBXFrameworksBuildPhase section */
		18D8368B270E5834003D9B2C /* Frameworks */ = {
			isa = PBXFrameworksBuildPhase;
			buildActionMask = 2147483647;
			files = (
				A8A8CB15B7788FB4FD202956 /* Pods_CatsFeed.framework in Frameworks */,
			);
			runOnlyForDeploymentPostprocessing = 0;
		};
/* End PBXFrameworksBuildPhase section */

/* Begin PBXGroup section */
		182706FC270EFD3F00182000 /* Feed */ = {
			isa = PBXGroup;
			children = (
				186AB035270E5AA500BB8502 /* FeedViewController.swift */,
				186AB046270E5B6C00BB8502 /* FeedViewModel.swift */,
				186AB03C270E5AFF00BB8502 /* PostCollectionViewCell.swift */,
				186AB039270E5AE000BB8502 /* PostCellModel.swift */,
				18423EE3270F348B00CFD744 /* Protocols.swift */,
			);
			path = Feed;
			sourceTree = "<group>";
		};
		18423EDB270F295300CFD744 /* Networking */ = {
			isa = PBXGroup;
			children = (
				186AB043270E5B4200BB8502 /* NetworkManager.swift */,
				186AB049270E5B8F00BB8502 /* DataFetcher.swift */,
			);
			path = Networking;
			sourceTree = "<group>";
		};
		18423EDC270F296E00CFD744 /* APIModel */ = {
			isa = PBXGroup;
			children = (
				186AB040270E5B2C00BB8502 /* Post.swift */,
			);
			path = APIModel;
			sourceTree = "<group>";
		};
		18423EDE270F29B000CFD744 /* DetailVC */ = {
			isa = PBXGroup;
			children = (
				18B921E6270EE123005E2218 /* DetailViewController.swift */,
			);
			path = DetailVC;
			sourceTree = "<group>";
		};
		186AB030270E5A3D00BB8502 /* Code */ = {
			isa = PBXGroup;
			children = (
				182706FC270EFD3F00182000 /* Feed */,
				18423EDE270F29B000CFD744 /* DetailVC */,
				18423EDC270F296E00CFD744 /* APIModel */,
				18423EDB270F295300CFD744 /* Networking */,
			);
			path = Code;
			sourceTree = "<group>";
		};
		18D83685270E5834003D9B2C = {
			isa = PBXGroup;
			children = (
				18D83690270E5834003D9B2C /* CatsFeed */,
				18D8368F270E5834003D9B2C /* Products */,
				A86318BB5DB9C1A0524BC806 /* Pods */,
				47A0E0FFBED2510932AA0E91 /* Frameworks */,
			);
			sourceTree = "<group>";
		};
		18D8368F270E5834003D9B2C /* Products */ = {
			isa = PBXGroup;
			children = (
				18D8368E270E5834003D9B2C /* CatsFeed.app */,
			);
			name = Products;
			sourceTree = "<group>";
		};
		18D83690270E5834003D9B2C /* CatsFeed */ = {
			isa = PBXGroup;
			children = (
				18D83691270E5834003D9B2C /* AppDelegate.swift */,
				186AB031270E5A6900BB8502 /* SceneDelegate.swift */,
				186AB030270E5A3D00BB8502 /* Code */,
				18D8369A270E5835003D9B2C /* Assets.xcassets */,
				18D8369C270E5835003D9B2C /* LaunchScreen.storyboard */,
				18D8369F270E5835003D9B2C /* Info.plist */,
				18423EEC270F36ED00CFD744 /* .gitignore */,
			);
			path = CatsFeed;
			sourceTree = "<group>";
		};
		47A0E0FFBED2510932AA0E91 /* Frameworks */ = {
			isa = PBXGroup;
			children = (
				EA196C94D10453E9F6CF4581 /* Pods_CatsFeed.framework */,
			);
			name = Frameworks;
			sourceTree = "<group>";
		};
		A86318BB5DB9C1A0524BC806 /* Pods */ = {
			isa = PBXGroup;
			children = (
				65670D420487A9E05FE50FE1 /* Pods-CatsFeed.debug.xcconfig */,
				E10673620BC7135049856F57 /* Pods-CatsFeed.release.xcconfig */,
			);
			path = Pods;
			sourceTree = "<group>";
		};
/* End PBXGroup section */

/* Begin PBXNativeTarget section */
		18D8368D270E5834003D9B2C /* CatsFeed */ = {
			isa = PBXNativeTarget;
			buildConfigurationList = 18D836A2270E5835003D9B2C /* Build configuration list for PBXNativeTarget "CatsFeed" */;
			buildPhases = (
				AAE15C1A987C51AAD05B8EC2 /* [CP] Check Pods Manifest.lock */,
				18D8368A270E5834003D9B2C /* Sources */,
				18D8368B270E5834003D9B2C /* Frameworks */,
				18D8368C270E5834003D9B2C /* Resources */,
				5A351B03A25EAEC6027F3F76 /* [CP] Embed Pods Frameworks */,
			);
			buildRules = (
			);
			dependencies = (
			);
			name = CatsFeed;
			productName = CatsFeed;
			productReference = 18D8368E270E5834003D9B2C /* CatsFeed.app */;
			productType = "com.apple.product-type.application";
		};
/* End PBXNativeTarget section */

/* Begin PBXProject section */
		18D83686270E5834003D9B2C /* Project object */ = {
			isa = PBXProject;
			attributes = {
				LastSwiftUpdateCheck = 1230;
				LastUpgradeCheck = 1230;
				TargetAttributes = {
					18D8368D270E5834003D9B2C = {
						CreatedOnToolsVersion = 12.3;
					};
				};
			};
			buildConfigurationList = 18D83689270E5834003D9B2C /* Build configuration list for PBXProject "CatsFeed" */;
			compatibilityVersion = "Xcode 9.3";
			developmentRegion = en;
			hasScannedForEncodings = 0;
			knownRegions = (
				en,
				Base,
			);
			mainGroup = 18D83685270E5834003D9B2C;
			productRefGroup = 18D8368F270E5834003D9B2C /* Products */;
			projectDirPath = "";
			projectRoot = "";
			targets = (
				18D8368D270E5834003D9B2C /* CatsFeed */,
			);
		};
/* End PBXProject section */

/* Begin PBXResourcesBuildPhase section */
		18D8368C270E5834003D9B2C /* Resources */ = {
			isa = PBXResourcesBuildPhase;
			buildActionMask = 2147483647;
			files = (
				18D8369E270E5835003D9B2C /* LaunchScreen.storyboard in Resources */,
				18423EED270F36ED00CFD744 /* .gitignore in Resources */,
				18D8369B270E5835003D9B2C /* Assets.xcassets in Resources */,
			);
			runOnlyForDeploymentPostprocessing = 0;
		};
/* End PBXResourcesBuildPhase section */

/* Begin PBXShellScriptBuildPhase section */
		5A351B03A25EAEC6027F3F76 /* [CP] Embed Pods Frameworks */ = {
			isa = PBXShellScriptBuildPhase;
			buildActionMask = 2147483647;
			files = (
			);
			inputFileListPaths = (
				"${PODS_ROOT}/Target Support Files/Pods-CatsFeed/Pods-CatsFeed-frameworks-${CONFIGURATION}-input-files.xcfilelist",
			);
			name = "[CP] Embed Pods Frameworks";
			outputFileListPaths = (
				"${PODS_ROOT}/Target Support Files/Pods-CatsFeed/Pods-CatsFeed-frameworks-${CONFIGURATION}-output-files.xcfilelist",
			);
			runOnlyForDeploymentPostprocessing = 0;
			shellPath = /bin/sh;
			shellScript = "\"${PODS_ROOT}/Target Support Files/Pods-CatsFeed/Pods-CatsFeed-frameworks.sh\"\n";
			showEnvVarsInLog = 0;
		};
		AAE15C1A987C51AAD05B8EC2 /* [CP] Check Pods Manifest.lock */ = {
			isa = PBXShellScriptBuildPhase;
			buildActionMask = 2147483647;
			files = (
			);
			inputFileListPaths = (
			);
			inputPaths = (
				"${PODS_PODFILE_DIR_PATH}/Podfile.lock",
				"${PODS_ROOT}/Manifest.lock",
			);
			name = "[CP] Check Pods Manifest.lock";
			outputFileListPaths = (
			);
			outputPaths = (
				"$(DERIVED_FILE_DIR)/Pods-CatsFeed-checkManifestLockResult.txt",
			);
			runOnlyForDeploymentPostprocessing = 0;
			shellPath = /bin/sh;
			shellScript = "diff \"${PODS_PODFILE_DIR_PATH}/Podfile.lock\" \"${PODS_ROOT}/Manifest.lock\" > /dev/null\nif [ $? != 0 ] ; then\n    # print error to STDERR\n    echo \"error: The sandbox is not in sync with the Podfile.lock. Run 'pod install' or update your CocoaPods installation.\" >&2\n    exit 1\nfi\n# This output is used by Xcode 'outputs' to avoid re-running this script phase.\necho \"SUCCESS\" > \"${SCRIPT_OUTPUT_FILE_0}\"\n";
			showEnvVarsInLog = 0;
		};
/* End PBXShellScriptBuildPhase section */

/* Begin PBXSourcesBuildPhase section */
		18D8368A270E5834003D9B2C /* Sources */ = {
			isa = PBXSourcesBuildPhase;
			buildActionMask = 2147483647;
			files = (
				186AB04A270E5B8F00BB8502 /* DataFetcher.swift in Sources */,
				186AB03D270E5AFF00BB8502 /* PostCollectionViewCell.swift in Sources */,
				186AB03A270E5AE000BB8502 /* PostCellModel.swift in Sources */,
				18423EE4270F348B00CFD744 /* Protocols.swift in Sources */,
				186AB041270E5B2C00BB8502 /* Post.swift in Sources */,
				18D83692270E5834003D9B2C /* AppDelegate.swift in Sources */,
				186AB036270E5AA500BB8502 /* FeedViewController.swift in Sources */,
				186AB032270E5A6900BB8502 /* SceneDelegate.swift in Sources */,
				18B921E7270EE123005E2218 /* DetailViewController.swift in Sources */,
				186AB044270E5B4200BB8502 /* NetworkManager.swift in Sources */,
				186AB047270E5B6C00BB8502 /* FeedViewModel.swift in Sources */,
			);
			runOnlyForDeploymentPostprocessing = 0;
		};
/* End PBXSourcesBuildPhase section */

/* Begin PBXVariantGroup section */
		18D8369C270E5835003D9B2C /* LaunchScreen.storyboard */ = {
			isa = PBXVariantGroup;
			children = (
				18D8369D270E5835003D9B2C /* Base */,
			);
			name = LaunchScreen.storyboard;
			sourceTree = "<group>";
		};
/* End PBXVariantGroup section */

/* Begin XCBuildConfiguration section */
		18D836A0270E5835003D9B2C /* Debug */ = {
			isa = XCBuildConfiguration;
			buildSettings = {
				ALWAYS_SEARCH_USER_PATHS = NO;
				CLANG_ANALYZER_NONNULL = YES;
				CLANG_ANALYZER_NUMBER_OBJECT_CONVERSION = YES_AGGRESSIVE;
				CLANG_CXX_LANGUAGE_STANDARD = "gnu++14";
				CLANG_CXX_LIBRARY = "libc++";
				CLANG_ENABLE_MODULES = YES;
				CLANG_ENABLE_OBJC_ARC = YES;
				CLANG_ENABLE_OBJC_WEAK = YES;
				CLANG_WARN_BLOCK_CAPTURE_AUTORELEASING = YES;
				CLANG_WARN_BOOL_CONVERSION = YES;
				CLANG_WARN_COMMA = YES;
				CLANG_WARN_CONSTANT_CONVERSION = YES;
				CLANG_WARN_DEPRECATED_OBJC_IMPLEMENTATIONS = YES;
				CLANG_WARN_DIRECT_OBJC_ISA_USAGE = YES_ERROR;
				CLANG_WARN_DOCUMENTATION_COMMENTS = YES;
				CLANG_WARN_EMPTY_BODY = YES;
				CLANG_WARN_ENUM_CONVERSION = YES;
				CLANG_WARN_INFINITE_RECURSION = YES;
				CLANG_WARN_INT_CONVERSION = YES;
				CLANG_WARN_NON_LITERAL_NULL_CONVERSION = YES;
				CLANG_WARN_OBJC_IMPLICIT_RETAIN_SELF = YES;
				CLANG_WARN_OBJC_LITERAL_CONVERSION = YES;
				CLANG_WARN_OBJC_ROOT_CLASS = YES_ERROR;
				CLANG_WARN_QUOTED_INCLUDE_IN_FRAMEWORK_HEADER = YES;
				CLANG_WARN_RANGE_LOOP_ANALYSIS = YES;
				CLANG_WARN_STRICT_PROTOTYPES = YES;
				CLANG_WARN_SUSPICIOUS_MOVE = YES;
				CLANG_WARN_UNGUARDED_AVAILABILITY = YES_AGGRESSIVE;
				CLANG_WARN_UNREACHABLE_CODE = YES;
				CLANG_WARN__DUPLICATE_METHOD_MATCH = YES;
				COPY_PHASE_STRIP = NO;
				DEBUG_INFORMATION_FORMAT = dwarf;
				ENABLE_STRICT_OBJC_MSGSEND = YES;
				ENABLE_TESTABILITY = YES;
				GCC_C_LANGUAGE_STANDARD = gnu11;
				GCC_DYNAMIC_NO_PIC = NO;
				GCC_NO_COMMON_BLOCKS = YES;
				GCC_OPTIMIZATION_LEVEL = 0;
				GCC_PREPROCESSOR_DEFINITIONS = (
					"DEBUG=1",
					"$(inherited)",
				);
				GCC_WARN_64_TO_32_BIT_CONVERSION = YES;
				GCC_WARN_ABOUT_RETURN_TYPE = YES_ERROR;
				GCC_WARN_UNDECLARED_SELECTOR = YES;
				GCC_WARN_UNINITIALIZED_AUTOS = YES_AGGRESSIVE;
				GCC_WARN_UNUSED_FUNCTION = YES;
				GCC_WARN_UNUSED_VARIABLE = YES;
				IPHONEOS_DEPLOYMENT_TARGET = 14.3;
				MTL_ENABLE_DEBUG_INFO = INCLUDE_SOURCE;
				MTL_FAST_MATH = YES;
				ONLY_ACTIVE_ARCH = YES;
				SDKROOT = iphoneos;
				SWIFT_ACTIVE_COMPILATION_CONDITIONS = DEBUG;
				SWIFT_OPTIMIZATION_LEVEL = "-Onone";
			};
			name = Debug;
		};
		18D836A1270E5835003D9B2C /* Release */ = {
			isa = XCBuildConfiguration;
			buildSettings = {
				ALWAYS_SEARCH_USER_PATHS = NO;
				CLANG_ANALYZER_NONNULL = YES;
				CLANG_ANALYZER_NUMBER_OBJECT_CONVERSION = YES_AGGRESSIVE;
				CLANG_CXX_LANGUAGE_STANDARD = "gnu++14";
				CLANG_CXX_LIBRARY = "libc++";
				CLANG_ENABLE_MODULES = YES;
				CLANG_ENABLE_OBJC_ARC = YES;
				CLANG_ENABLE_OBJC_WEAK = YES;
				CLANG_WARN_BLOCK_CAPTURE_AUTORELEASING = YES;
				CLANG_WARN_BOOL_CONVERSION = YES;
				CLANG_WARN_COMMA = YES;
				CLANG_WARN_CONSTANT_CONVERSION = YES;
				CLANG_WARN_DEPRECATED_OBJC_IMPLEMENTATIONS = YES;
				CLANG_WARN_DIRECT_OBJC_ISA_USAGE = YES_ERROR;
				CLANG_WARN_DOCUMENTATION_COMMENTS = YES;
				CLANG_WARN_EMPTY_BODY = YES;
				CLANG_WARN_ENUM_CONVERSION = YES;
				CLANG_WARN_INFINITE_RECURSION = YES;
				CLANG_WARN_INT_CONVERSION = YES;
				CLANG_WARN_NON_LITERAL_NULL_CONVERSION = YES;
				CLANG_WARN_OBJC_IMPLICIT_RETAIN_SELF = YES;
				CLANG_WARN_OBJC_LITERAL_CONVERSION = YES;
				CLANG_WARN_OBJC_ROOT_CLASS = YES_ERROR;
				CLANG_WARN_QUOTED_INCLUDE_IN_FRAMEWORK_HEADER = YES;
				CLANG_WARN_RANGE_LOOP_ANALYSIS = YES;
				CLANG_WARN_STRICT_PROTOTYPES = YES;
				CLANG_WARN_SUSPICIOUS_MOVE = YES;
				CLANG_WARN_UNGUARDED_AVAILABILITY = YES_AGGRESSIVE;
				CLANG_WARN_UNREACHABLE_CODE = YES;
				CLANG_WARN__DUPLICATE_METHOD_MATCH = YES;
				COPY_PHASE_STRIP = NO;
				DEBUG_INFORMATION_FORMAT = "dwarf-with-dsym";
				ENABLE_NS_ASSERTIONS = NO;
				ENABLE_STRICT_OBJC_MSGSEND = YES;
				GCC_C_LANGUAGE_STANDARD = gnu11;
				GCC_NO_COMMON_BLOCKS = YES;
				GCC_WARN_64_TO_32_BIT_CONVERSION = YES;
				GCC_WARN_ABOUT_RETURN_TYPE = YES_ERROR;
				GCC_WARN_UNDECLARED_SELECTOR = YES;
				GCC_WARN_UNINITIALIZED_AUTOS = YES_AGGRESSIVE;
				GCC_WARN_UNUSED_FUNCTION = YES;
				GCC_WARN_UNUSED_VARIABLE = YES;
				IPHONEOS_DEPLOYMENT_TARGET = 14.3;
				MTL_ENABLE_DEBUG_INFO = NO;
				MTL_FAST_MATH = YES;
				SDKROOT = iphoneos;
				SWIFT_COMPILATION_MODE = wholemodule;
				SWIFT_OPTIMIZATION_LEVEL = "-O";
				VALIDATE_PRODUCT = YES;
			};
			name = Release;
		};
		18D836A3270E5835003D9B2C /* Debug */ = {
			isa = XCBuildConfiguration;
			baseConfigurationReference = 65670D420487A9E05FE50FE1 /* Pods-CatsFeed.debug.xcconfig */;
			buildSettings = {
				ASSETCATALOG_COMPILER_APPICON_NAME = AppIcon;
				ASSETCATALOG_COMPILER_GLOBAL_ACCENT_COLOR_NAME = AccentColor;
				CODE_SIGN_STYLE = Automatic;
				DEVELOPMENT_TEAM = M8VAXB46U6;
				INFOPLIST_FILE = CatsFeed/Info.plist;
				LD_RUNPATH_SEARCH_PATHS = (
					"$(inherited)",
					"@executable_path/Frameworks",
				);
				PRODUCT_BUNDLE_IDENTIFIER = "Aleksey-Shirokov.CatsFeed";
				PRODUCT_NAME = "$(TARGET_NAME)";
				SWIFT_VERSION = 5.0;
				TARGETED_DEVICE_FAMILY = "1,2";
			};
			name = Debug;
		};
		18D836A4270E5835003D9B2C /* Release */ = {
			isa = XCBuildConfiguration;
			baseConfigurationReference = E10673620BC7135049856F57 /* Pods-CatsFeed.release.xcconfig */;
			buildSettings = {
				ASSETCATALOG_COMPILER_APPICON_NAME = AppIcon;
				ASSETCATALOG_COMPILER_GLOBAL_ACCENT_COLOR_NAME = AccentColor;
				CODE_SIGN_STYLE = Automatic;
				DEVELOPMENT_TEAM = M8VAXB46U6;
				INFOPLIST_FILE = CatsFeed/Info.plist;
				LD_RUNPATH_SEARCH_PATHS = (
					"$(inherited)",
					"@executable_path/Frameworks",
				);
				PRODUCT_BUNDLE_IDENTIFIER = "Aleksey-Shirokov.CatsFeed";
				PRODUCT_NAME = "$(TARGET_NAME)";
				SWIFT_VERSION = 5.0;
				TARGETED_DEVICE_FAMILY = "1,2";
			};
			name = Release;
		};
/* End XCBuildConfiguration section */

/* Begin XCConfigurationList section */
		18D83689270E5834003D9B2C /* Build configuration list for PBXProject "CatsFeed" */ = {
			isa = XCConfigurationList;
			buildConfigurations = (
				18D836A0270E5835003D9B2C /* Debug */,
				18D836A1270E5835003D9B2C /* Release */,
			);
			defaultConfigurationIsVisible = 0;
			defaultConfigurationName = Release;
		};
		18D836A2270E5835003D9B2C /* Build configuration list for PBXNativeTarget "CatsFeed" */ = {
			isa = XCConfigurationList;
			buildConfigurations = (
				18D836A3270E5835003D9B2C /* Debug */,
				18D836A4270E5835003D9B2C /* Release */,
			);
			defaultConfigurationIsVisible = 0;
			defaultConfigurationName = Release;
		};
/* End XCConfigurationList section */
	};
	rootObject = 18D83686270E5834003D9B2C /* Project object */;
}
